// !$*UTF8*$!
{
	archiveVersion = 1;
	classes = {
	};
	objectVersion = 50;
	objects = {

/* Begin PBXBuildFile section */
		5513776322F59FED00F976AF /* ProteinsVC.swift in Sources */ = {isa = PBXBuildFile; fileRef = 5513776222F59FED00F976AF /* ProteinsVC.swift */; };
		5513776522F5A8E700F976AF /* ligands.txt in Resources */ = {isa = PBXBuildFile; fileRef = 5513776422F5A8E700F976AF /* ligands.txt */; };
		5513776722F5B37400F976AF /* FileReader.swift in Sources */ = {isa = PBXBuildFile; fileRef = 5513776622F5B37400F976AF /* FileReader.swift */; };
		5513776E22F5B93E00F976AF /* LigandCell.swift in Sources */ = {isa = PBXBuildFile; fileRef = 5513776C22F5B93E00F976AF /* LigandCell.swift */; };
		5513776F22F5B93E00F976AF /* LigandCell.xib in Resources */ = {isa = PBXBuildFile; fileRef = 5513776D22F5B93E00F976AF /* LigandCell.xib */; };
		5513777122F5CD5600F976AF /* ProteinSceneVC.swift in Sources */ = {isa = PBXBuildFile; fileRef = 5513777022F5CD5600F976AF /* ProteinSceneVC.swift */; };
		55456A0E22F47E0900F585B0 /* TouchIDAuthentication.swift in Sources */ = {isa = PBXBuildFile; fileRef = 55456A0D22F47E0900F585B0 /* TouchIDAuthentication.swift */; };
		55A118A022F46D3900ACEF4F /* AppDelegate.swift in Sources */ = {isa = PBXBuildFile; fileRef = 55A1189F22F46D3900ACEF4F /* AppDelegate.swift */; };
		55A118A222F46D3900ACEF4F /* HomeVC.swift in Sources */ = {isa = PBXBuildFile; fileRef = 55A118A122F46D3900ACEF4F /* HomeVC.swift */; };
		55A118A522F46D3900ACEF4F /* Main.storyboard in Resources */ = {isa = PBXBuildFile; fileRef = 55A118A322F46D3900ACEF4F /* Main.storyboard */; };
		55A118A722F46D3B00ACEF4F /* Assets.xcassets in Resources */ = {isa = PBXBuildFile; fileRef = 55A118A622F46D3B00ACEF4F /* Assets.xcassets */; };
		55A118AA22F46D3B00ACEF4F /* LaunchScreen.storyboard in Resources */ = {isa = PBXBuildFile; fileRef = 55A118A822F46D3B00ACEF4F /* LaunchScreen.storyboard */; };
		55A118B622F46ED900ACEF4F /* RoundedButton.swift in Sources */ = {isa = PBXBuildFile; fileRef = 55A118B522F46ED900ACEF4F /* RoundedButton.swift */; };
/* End PBXBuildFile section */

/* Begin PBXFileReference section */
		5513776222F59FED00F976AF /* ProteinsVC.swift */ = {isa = PBXFileReference; lastKnownFileType = sourcecode.swift; path = ProteinsVC.swift; sourceTree = "<group>"; };
		5513776422F5A8E700F976AF /* ligands.txt */ = {isa = PBXFileReference; fileEncoding = 4; lastKnownFileType = text; path = ligands.txt; sourceTree = "<group>"; };
		5513776622F5B37400F976AF /* FileReader.swift */ = {isa = PBXFileReference; lastKnownFileType = sourcecode.swift; path = FileReader.swift; sourceTree = "<group>"; };
		5513776C22F5B93E00F976AF /* LigandCell.swift */ = {isa = PBXFileReference; lastKnownFileType = sourcecode.swift; path = LigandCell.swift; sourceTree = "<group>"; };
		5513776D22F5B93E00F976AF /* LigandCell.xib */ = {isa = PBXFileReference; lastKnownFileType = file.xib; path = LigandCell.xib; sourceTree = "<group>"; };
		5513777022F5CD5600F976AF /* ProteinSceneVC.swift */ = {isa = PBXFileReference; lastKnownFileType = sourcecode.swift; path = ProteinSceneVC.swift; sourceTree = "<group>"; };
		55456A0D22F47E0900F585B0 /* TouchIDAuthentication.swift */ = {isa = PBXFileReference; lastKnownFileType = sourcecode.swift; path = TouchIDAuthentication.swift; sourceTree = "<group>"; };
		55A1189C22F46D3900ACEF4F /* proteins.app */ = {isa = PBXFileReference; explicitFileType = wrapper.application; includeInIndex = 0; path = proteins.app; sourceTree = BUILT_PRODUCTS_DIR; };
		55A1189F22F46D3900ACEF4F /* AppDelegate.swift */ = {isa = PBXFileReference; lastKnownFileType = sourcecode.swift; path = AppDelegate.swift; sourceTree = "<group>"; };
		55A118A122F46D3900ACEF4F /* HomeVC.swift */ = {isa = PBXFileReference; lastKnownFileType = sourcecode.swift; path = HomeVC.swift; sourceTree = "<group>"; };
		55A118A422F46D3900ACEF4F /* Base */ = {isa = PBXFileReference; lastKnownFileType = file.storyboard; name = Base; path = Base.lproj/Main.storyboard; sourceTree = "<group>"; };
		55A118A622F46D3B00ACEF4F /* Assets.xcassets */ = {isa = PBXFileReference; lastKnownFileType = folder.assetcatalog; path = Assets.xcassets; sourceTree = "<group>"; };
		55A118A922F46D3B00ACEF4F /* Base */ = {isa = PBXFileReference; lastKnownFileType = file.storyboard; name = Base; path = Base.lproj/LaunchScreen.storyboard; sourceTree = "<group>"; };
		55A118AB22F46D3B00ACEF4F /* Info.plist */ = {isa = PBXFileReference; lastKnownFileType = text.plist.xml; path = Info.plist; sourceTree = "<group>"; };
		55A118B522F46ED900ACEF4F /* RoundedButton.swift */ = {isa = PBXFileReference; lastKnownFileType = sourcecode.swift; path = RoundedButton.swift; sourceTree = "<group>"; };
/* End PBXFileReference section */

/* Begin PBXFrameworksBuildPhase section */
		55A1189922F46D3900ACEF4F /* Frameworks */ = {
			isa = PBXFrameworksBuildPhase;
			buildActionMask = 2147483647;
			files = (
			);
			runOnlyForDeploymentPostprocessing = 0;
		};
/* End PBXFrameworksBuildPhase section */

/* Begin PBXGroup section */
		5513776922F5B8E200F976AF /* Storyboards */ = {
			isa = PBXGroup;
			children = (
				55A118A322F46D3900ACEF4F /* Main.storyboard */,
				55A118A822F46D3B00ACEF4F /* LaunchScreen.storyboard */,
			);
			path = Storyboards;
			sourceTree = "<group>";
		};
		5513776A22F5B8EC00F976AF /* Buttons */ = {
			isa = PBXGroup;
			children = (
				55A118B522F46ED900ACEF4F /* RoundedButton.swift */,
			);
			path = Buttons;
			sourceTree = "<group>";
		};
		5513776B22F5B8F600F976AF /* Cells */ = {
			isa = PBXGroup;
			children = (
				5513776C22F5B93E00F976AF /* LigandCell.swift */,
				5513776D22F5B93E00F976AF /* LigandCell.xib */,
			);
			path = Cells;
			sourceTree = "<group>";
		};
		55A1189322F46D3900ACEF4F = {
			isa = PBXGroup;
			children = (
				55A1189E22F46D3900ACEF4F /* proteins */,
				55A1189D22F46D3900ACEF4F /* Products */,
			);
			sourceTree = "<group>";
		};
		55A1189D22F46D3900ACEF4F /* Products */ = {
			isa = PBXGroup;
			children = (
				55A1189C22F46D3900ACEF4F /* proteins.app */,
			);
			name = Products;
			sourceTree = "<group>";
		};
		55A1189E22F46D3900ACEF4F /* proteins */ = {
			isa = PBXGroup;
			children = (
				55A118B322F46D5600ACEF4F /* Controller */,
				55A118B222F46D5200ACEF4F /* View */,
				55A118B122F46D3F00ACEF4F /* Model */,
				55A1189F22F46D3900ACEF4F /* AppDelegate.swift */,
				55A118A622F46D3B00ACEF4F /* Assets.xcassets */,
				55A118AB22F46D3B00ACEF4F /* Info.plist */,
				5513776422F5A8E700F976AF /* ligands.txt */,
			);
			path = proteins;
			sourceTree = "<group>";
		};
		55A118B122F46D3F00ACEF4F /* Model */ = {
			isa = PBXGroup;
			children = (
				55456A0D22F47E0900F585B0 /* TouchIDAuthentication.swift */,
				5513776622F5B37400F976AF /* FileReader.swift */,
			);
			path = Model;
			sourceTree = "<group>";
		};
		55A118B222F46D5200ACEF4F /* View */ = {
			isa = PBXGroup;
			children = (
				5513776B22F5B8F600F976AF /* Cells */,
				5513776A22F5B8EC00F976AF /* Buttons */,
				5513776922F5B8E200F976AF /* Storyboards */,
			);
			path = View;
			sourceTree = "<group>";
		};
		55A118B322F46D5600ACEF4F /* Controller */ = {
			isa = PBXGroup;
			children = (
				55A118A122F46D3900ACEF4F /* HomeVC.swift */,
				5513776222F59FED00F976AF /* ProteinsVC.swift */,
				5513777022F5CD5600F976AF /* ProteinSceneVC.swift */,
			);
			path = Controller;
			sourceTree = "<group>";
		};
/* End PBXGroup section */

/* Begin PBXNativeTarget section */
		55A1189B22F46D3900ACEF4F /* proteins */ = {
			isa = PBXNativeTarget;
			buildConfigurationList = 55A118AE22F46D3B00ACEF4F /* Build configuration list for PBXNativeTarget "proteins" */;
			buildPhases = (
				55A1189822F46D3900ACEF4F /* Sources */,
				55A1189922F46D3900ACEF4F /* Frameworks */,
				55A1189A22F46D3900ACEF4F /* Resources */,
			);
			buildRules = (
			);
			dependencies = (
			);
			name = proteins;
			productName = proteins;
			productReference = 55A1189C22F46D3900ACEF4F /* proteins.app */;
			productType = "com.apple.product-type.application";
		};
/* End PBXNativeTarget section */

/* Begin PBXProject section */
		55A1189422F46D3900ACEF4F /* Project object */ = {
			isa = PBXProject;
			attributes = {
				LastSwiftUpdateCheck = 1020;
				LastUpgradeCheck = 1020;
				ORGANIZATIONNAME = "Daniil KOZYR";
				TargetAttributes = {
					55A1189B22F46D3900ACEF4F = {
						CreatedOnToolsVersion = 10.2.1;
					};
				};
			};
			buildConfigurationList = 55A1189722F46D3900ACEF4F /* Build configuration list for PBXProject "proteins" */;
			compatibilityVersion = "Xcode 9.3";
			developmentRegion = en;
			hasScannedForEncodings = 0;
			knownRegions = (
				en,
				Base,
			);
			mainGroup = 55A1189322F46D3900ACEF4F;
			productRefGroup = 55A1189D22F46D3900ACEF4F /* Products */;
			projectDirPath = "";
			projectRoot = "";
			targets = (
				55A1189B22F46D3900ACEF4F /* proteins */,
			);
		};
/* End PBXProject section */

/* Begin PBXResourcesBuildPhase section */
		55A1189A22F46D3900ACEF4F /* Resources */ = {
			isa = PBXResourcesBuildPhase;
			buildActionMask = 2147483647;
			files = (
				55A118AA22F46D3B00ACEF4F /* LaunchScreen.storyboard in Resources */,
				55A118A722F46D3B00ACEF4F /* Assets.xcassets in Resources */,
				55A118A522F46D3900ACEF4F /* Main.storyboard in Resources */,
				5513776F22F5B93E00F976AF /* LigandCell.xib in Resources */,
				5513776522F5A8E700F976AF /* ligands.txt in Resources */,
			);
			runOnlyForDeploymentPostprocessing = 0;
		};
/* End PBXResourcesBuildPhase section */

/* Begin PBXSourcesBuildPhase section */
		55A1189822F46D3900ACEF4F /* Sources */ = {
			isa = PBXSourcesBuildPhase;
			buildActionMask = 2147483647;
			files = (
				5513776722F5B37400F976AF /* FileReader.swift in Sources */,
				55A118A222F46D3900ACEF4F /* HomeVC.swift in Sources */,
				55A118B622F46ED900ACEF4F /* RoundedButton.swift in Sources */,
				5513776322F59FED00F976AF /* ProteinsVC.swift in Sources */,
				5513776E22F5B93E00F976AF /* LigandCell.swift in Sources */,
				55456A0E22F47E0900F585B0 /* TouchIDAuthentication.swift in Sources */,
				55A118A022F46D3900ACEF4F /* AppDelegate.swift in Sources */,
				5513777122F5CD5600F976AF /* ProteinSceneVC.swift in Sources */,
			);
			runOnlyForDeploymentPostprocessing = 0;
		};
/* End PBXSourcesBuildPhase section */

/* Begin PBXVariantGroup section */
		55A118A322F46D3900ACEF4F /* Main.storyboard */ = {
			isa = PBXVariantGroup;
			children = (
				55A118A422F46D3900ACEF4F /* Base */,
			);
			name = Main.storyboard;
			sourceTree = "<group>";
		};
		55A118A822F46D3B00ACEF4F /* LaunchScreen.storyboard */ = {
			isa = PBXVariantGroup;
			children = (
				55A118A922F46D3B00ACEF4F /* Base */,
			);
			name = LaunchScreen.storyboard;
			sourceTree = "<group>";
		};
/* End PBXVariantGroup section */

/* Begin XCBuildConfiguration section */
		55A118AC22F46D3B00ACEF4F /* Debug */ = {
			isa = XCBuildConfiguration;
			buildSettings = {
				ALWAYS_SEARCH_USER_PATHS = NO;
				CLANG_ANALYZER_NONNULL = YES;
				CLANG_ANALYZER_NUMBER_OBJECT_CONVERSION = YES_AGGRESSIVE;
				CLANG_CXX_LANGUAGE_STANDARD = "gnu++14";
				CLANG_CXX_LIBRARY = "libc++";
				CLANG_ENABLE_MODULES = YES;
				CLANG_ENABLE_OBJC_ARC = YES;
				CLANG_ENABLE_OBJC_WEAK = YES;
				CLANG_WARN_BLOCK_CAPTURE_AUTORELEASING = YES;
				CLANG_WARN_BOOL_CONVERSION = YES;
				CLANG_WARN_COMMA = YES;
				CLANG_WARN_CONSTANT_CONVERSION = YES;
				CLANG_WARN_DEPRECATED_OBJC_IMPLEMENTATIONS = YES;
				CLANG_WARN_DIRECT_OBJC_ISA_USAGE = YES_ERROR;
				CLANG_WARN_DOCUMENTATION_COMMENTS = YES;
				CLANG_WARN_EMPTY_BODY = YES;
				CLANG_WARN_ENUM_CONVERSION = YES;
				CLANG_WARN_INFINITE_RECURSION = YES;
				CLANG_WARN_INT_CONVERSION = YES;
				CLANG_WARN_NON_LITERAL_NULL_CONVERSION = YES;
				CLANG_WARN_OBJC_IMPLICIT_RETAIN_SELF = YES;
				CLANG_WARN_OBJC_LITERAL_CONVERSION = YES;
				CLANG_WARN_OBJC_ROOT_CLASS = YES_ERROR;
				CLANG_WARN_RANGE_LOOP_ANALYSIS = YES;
				CLANG_WARN_STRICT_PROTOTYPES = YES;
				CLANG_WARN_SUSPICIOUS_MOVE = YES;
				CLANG_WARN_UNGUARDED_AVAILABILITY = YES_AGGRESSIVE;
				CLANG_WARN_UNREACHABLE_CODE = YES;
				CLANG_WARN__DUPLICATE_METHOD_MATCH = YES;
				CODE_SIGN_IDENTITY = "iPhone Developer";
				COPY_PHASE_STRIP = NO;
				DEBUG_INFORMATION_FORMAT = dwarf;
				ENABLE_STRICT_OBJC_MSGSEND = YES;
				ENABLE_TESTABILITY = YES;
				GCC_C_LANGUAGE_STANDARD = gnu11;
				GCC_DYNAMIC_NO_PIC = NO;
				GCC_NO_COMMON_BLOCKS = YES;
				GCC_OPTIMIZATION_LEVEL = 0;
				GCC_PREPROCESSOR_DEFINITIONS = (
					"DEBUG=1",
					"$(inherited)",
				);
				GCC_WARN_64_TO_32_BIT_CONVERSION = YES;
				GCC_WARN_ABOUT_RETURN_TYPE = YES_ERROR;
				GCC_WARN_UNDECLARED_SELECTOR = YES;
				GCC_WARN_UNINITIALIZED_AUTOS = YES_AGGRESSIVE;
				GCC_WARN_UNUSED_FUNCTION = YES;
				GCC_WARN_UNUSED_VARIABLE = YES;
				IPHONEOS_DEPLOYMENT_TARGET = 12.2;
				MTL_ENABLE_DEBUG_INFO = INCLUDE_SOURCE;
				MTL_FAST_MATH = YES;
				ONLY_ACTIVE_ARCH = YES;
				SDKROOT = iphoneos;
				SWIFT_ACTIVE_COMPILATION_CONDITIONS = DEBUG;
				SWIFT_OPTIMIZATION_LEVEL = "-Onone";
			};
			name = Debug;
		};
		55A118AD22F46D3B00ACEF4F /* Release */ = {
			isa = XCBuildConfiguration;
			buildSettings = {
				ALWAYS_SEARCH_USER_PATHS = NO;
				CLANG_ANALYZER_NONNULL = YES;
				CLANG_ANALYZER_NUMBER_OBJECT_CONVERSION = YES_AGGRESSIVE;
				CLANG_CXX_LANGUAGE_STANDARD = "gnu++14";
				CLANG_CXX_LIBRARY = "libc++";
				CLANG_ENABLE_MODULES = YES;
				CLANG_ENABLE_OBJC_ARC = YES;
				CLANG_ENABLE_OBJC_WEAK = YES;
				CLANG_WARN_BLOCK_CAPTURE_AUTORELEASING = YES;
				CLANG_WARN_BOOL_CONVERSION = YES;
				CLANG_WARN_COMMA = YES;
				CLANG_WARN_CONSTANT_CONVERSION = YES;
				CLANG_WARN_DEPRECATED_OBJC_IMPLEMENTATIONS = YES;
				CLANG_WARN_DIRECT_OBJC_ISA_USAGE = YES_ERROR;
				CLANG_WARN_DOCUMENTATION_COMMENTS = YES;
				CLANG_WARN_EMPTY_BODY = YES;
				CLANG_WARN_ENUM_CONVERSION = YES;
				CLANG_WARN_INFINITE_RECURSION = YES;
				CLANG_WARN_INT_CONVERSION = YES;
				CLANG_WARN_NON_LITERAL_NULL_CONVERSION = YES;
				CLANG_WARN_OBJC_IMPLICIT_RETAIN_SELF = YES;
				CLANG_WARN_OBJC_LITERAL_CONVERSION = YES;
				CLANG_WARN_OBJC_ROOT_CLASS = YES_ERROR;
				CLANG_WARN_RANGE_LOOP_ANALYSIS = YES;
				CLANG_WARN_STRICT_PROTOTYPES = YES;
				CLANG_WARN_SUSPICIOUS_MOVE = YES;
				CLANG_WARN_UNGUARDED_AVAILABILITY = YES_AGGRESSIVE;
				CLANG_WARN_UNREACHABLE_CODE = YES;
				CLANG_WARN__DUPLICATE_METHOD_MATCH = YES;
				CODE_SIGN_IDENTITY = "iPhone Developer";
				COPY_PHASE_STRIP = NO;
				DEBUG_INFORMATION_FORMAT = "dwarf-with-dsym";
				ENABLE_NS_ASSERTIONS = NO;
				ENABLE_STRICT_OBJC_MSGSEND = YES;
				GCC_C_LANGUAGE_STANDARD = gnu11;
				GCC_NO_COMMON_BLOCKS = YES;
				GCC_WARN_64_TO_32_BIT_CONVERSION = YES;
				GCC_WARN_ABOUT_RETURN_TYPE = YES_ERROR;
				GCC_WARN_UNDECLARED_SELECTOR = YES;
				GCC_WARN_UNINITIALIZED_AUTOS = YES_AGGRESSIVE;
				GCC_WARN_UNUSED_FUNCTION = YES;
				GCC_WARN_UNUSED_VARIABLE = YES;
				IPHONEOS_DEPLOYMENT_TARGET = 12.2;
				MTL_ENABLE_DEBUG_INFO = NO;
				MTL_FAST_MATH = YES;
				SDKROOT = iphoneos;
				SWIFT_COMPILATION_MODE = wholemodule;
				SWIFT_OPTIMIZATION_LEVEL = "-O";
				VALIDATE_PRODUCT = YES;
			};
			name = Release;
		};
		55A118AF22F46D3B00ACEF4F /* Debug */ = {
			isa = XCBuildConfiguration;
			buildSettings = {
				ASSETCATALOG_COMPILER_APPICON_NAME = AppIcon;
				CODE_SIGN_STYLE = Automatic;
				DEVELOPMENT_TEAM = 8TWS8D7QH8;
				INFOPLIST_FILE = proteins/Info.plist;
				LD_RUNPATH_SEARCH_PATHS = (
					"$(inherited)",
					"@executable_path/Frameworks",
				);
				PRODUCT_BUNDLE_IDENTIFIER = dk.proteins;
				PRODUCT_NAME = "$(TARGET_NAME)";
				SWIFT_VERSION = 5.0;
				TARGETED_DEVICE_FAMILY = "1,2";
			};
			name = Debug;
		};
		55A118B022F46D3B00ACEF4F /* Release */ = {
			isa = XCBuildConfiguration;
			buildSettings = {
				ASSETCATALOG_COMPILER_APPICON_NAME = AppIcon;
				CODE_SIGN_STYLE = Automatic;
				DEVELOPMENT_TEAM = 8TWS8D7QH8;
				INFOPLIST_FILE = proteins/Info.plist;
				LD_RUNPATH_SEARCH_PATHS = (
					"$(inherited)",
					"@executable_path/Frameworks",
				);
				PRODUCT_BUNDLE_IDENTIFIER = dk.proteins;
				PRODUCT_NAME = "$(TARGET_NAME)";
				SWIFT_VERSION = 5.0;
				TARGETED_DEVICE_FAMILY = "1,2";
			};
			name = Release;
		};
/* End XCBuildConfiguration section */

/* Begin XCConfigurationList section */
		55A1189722F46D3900ACEF4F /* Build configuration list for PBXProject "proteins" */ = {
			isa = XCConfigurationList;
			buildConfigurations = (
				55A118AC22F46D3B00ACEF4F /* Debug */,
				55A118AD22F46D3B00ACEF4F /* Release */,
			);
			defaultConfigurationIsVisible = 0;
			defaultConfigurationName = Release;
		};
		55A118AE22F46D3B00ACEF4F /* Build configuration list for PBXNativeTarget "proteins" */ = {
			isa = XCConfigurationList;
			buildConfigurations = (
				55A118AF22F46D3B00ACEF4F /* Debug */,
				55A118B022F46D3B00ACEF4F /* Release */,
			);
			defaultConfigurationIsVisible = 0;
			defaultConfigurationName = Release;
		};
/* End XCConfigurationList section */
	};
	rootObject = 55A1189422F46D3900ACEF4F /* Project object */;
}
